
Microsoft Visual Studio Solution File, Format Version 12.00
# Visual Studio Version 16
VisualStudioVersion = 16.0.29521.150
MinimumVisualStudioVersion = 10.0.40219.1
Project("{FAE04EC0-301F-11D3-BF4B-00C04F79EFBC}") = "MultiConverterLib", "Backup\MultiConverterLib\MultiConverterLib.csproj", "{E56ECC1E-C66F-4A22-AC01-184A816FFFBC}"
EndProject
Project("{FAE04EC0-301F-11D3-BF4B-00C04F79EFBC}") = "MultiConverter_Console", "Backup\MultiConverter_Console\MultiConverter_Console.csproj", "{BAF5F522-7989-4AC6-9DA7-E1A846DC1144}"
EndProject
Project("{FAE04EC0-301F-11D3-BF4B-00C04F79EFBC}") = "MultiConverter_old", "Backup\MultiConverter\MultiConverter_old.csproj", "{AB994C01-F207-448B-86FF-1428193EA90B}"
EndProject
Project("{FAE04EC0-301F-11D3-BF4B-00C04F79EFBC}") = "MultiConverter.Lib", "MultiConverter.Lib\MultiConverter.Lib.csproj", "{5696B9E8-02BA-4930-8480-053F23DB7C7D}"
EndProject
Project("{2150E333-8FDC-42A3-9474-1A3956D46DE8}") = "Old", "Old", "{1DC315D0-07A8-4778-8B48-4A9F1C0BBA6B}"
EndProject
Project("{FAE04EC0-301F-11D3-BF4B-00C04F79EFBC}") = "MultiConverter", "MultiConverter\MultiConverter.csproj", "{4DC34ACC-BF9A-4CE3-BB9C-FF0301836EEB}"
EndProject
Global
	GlobalSection(SolutionConfigurationPlatforms) = preSolution
		Debug|Any CPU = Debug|Any CPU
		Release|Any CPU = Release|Any CPU
	EndGlobalSection
	GlobalSection(ProjectConfigurationPlatforms) = postSolution
		{E56ECC1E-C66F-4A22-AC01-184A816FFFBC}.Debug|Any CPU.ActiveCfg = Debug|Any CPU
		{E56ECC1E-C66F-4A22-AC01-184A816FFFBC}.Debug|Any CPU.Build.0 = Debug|Any CPU
		{E56ECC1E-C66F-4A22-AC01-184A816FFFBC}.Release|Any CPU.ActiveCfg = Release|Any CPU
		{E56ECC1E-C66F-4A22-AC01-184A816FFFBC}.Release|Any CPU.Build.0 = Release|Any CPU
		{BAF5F522-7989-4AC6-9DA7-E1A846DC1144}.Debug|Any CPU.ActiveCfg = Debug|Any CPU
		{BAF5F522-7989-4AC6-9DA7-E1A846DC1144}.Debug|Any CPU.Build.0 = Debug|Any CPU
		{BAF5F522-7989-4AC6-9DA7-E1A846DC1144}.Release|Any CPU.ActiveCfg = Release|Any CPU
		{BAF5F522-7989-4AC6-9DA7-E1A846DC1144}.Release|Any CPU.Build.0 = Release|Any CPU
		{AB994C01-F207-448B-86FF-1428193EA90B}.Debug|Any CPU.ActiveCfg = Debug|Any CPU
		{AB994C01-F207-448B-86FF-1428193EA90B}.Debug|Any CPU.Build.0 = Debug|Any CPU
		{AB994C01-F207-448B-86FF-1428193EA90B}.Release|Any CPU.ActiveCfg = Release|Any CPU
		{AB994C01-F207-448B-86FF-1428193EA90B}.Release|Any CPU.Build.0 = Release|Any CPU
		{5696B9E8-02BA-4930-8480-053F23DB7C7D}.Debug|Any CPU.ActiveCfg = Debug|Any CPU
		{5696B9E8-02BA-4930-8480-053F23DB7C7D}.Debug|Any CPU.Build.0 = Debug|Any CPU
		{5696B9E8-02BA-4930-8480-053F23DB7C7D}.Release|Any CPU.ActiveCfg = Release|Any CPU
		{5696B9E8-02BA-4930-8480-053F23DB7C7D}.Release|Any CPU.Build.0 = Release|Any CPU
		{4DC34ACC-BF9A-4CE3-BB9C-FF0301836EEB}.Debug|Any CPU.ActiveCfg = Debug|Any CPU
		{4DC34ACC-BF9A-4CE3-BB9C-FF0301836EEB}.Debug|Any CPU.Build.0 = Debug|Any CPU
		{4DC34ACC-BF9A-4CE3-BB9C-FF0301836EEB}.Release|Any CPU.ActiveCfg = Release|Any CPU
		{4DC34ACC-BF9A-4CE3-BB9C-FF0301836EEB}.Release|Any CPU.Build.0 = Release|Any CPU
	EndGlobalSection
	GlobalSection(SolutionProperties) = preSolution
		HideSolutionNode = FALSE
	EndGlobalSection
	GlobalSection(NestedProjects) = preSolution
		{E56ECC1E-C66F-4A22-AC01-184A816FFFBC} = {1DC315D0-07A8-4778-8B48-4A9F1C0BBA6B}
		{BAF5F522-7989-4AC6-9DA7-E1A846DC1144} = {1DC315D0-07A8-4778-8B48-4A9F1C0BBA6B}
		{AB994C01-F207-448B-86FF-1428193EA90B} = {1DC315D0-07A8-4778-8B48-4A9F1C0BBA6B}
	EndGlobalSection
	GlobalSection(ExtensibilityGlobals) = postSolution
		SolutionGuid = {FD5B1EA8-4F7F-4E87-A22C-0033D4A349B1}
	EndGlobalSection
EndGlobal
